
Microsoft Visual Studio Solution File, Format Version 12.00
# Visual Studio Version 16
VisualStudioVersion = 16.0.28803.352
MinimumVisualStudioVersion = 10.0.40219.1
Project("{9A19103F-16F7-4668-BE54-9A1E7A4F7556}") = "Pizzaboxdata", "Pizzabox.data\Pizzaboxdata.csproj", "{60D3DD5A-38B9-493D-8005-6B48674A2F23}"
EndProject
Project("{9A19103F-16F7-4668-BE54-9A1E7A4F7556}") = "Pizzaboxdomain", "Pizzabox.domain\Pizzaboxdomain.csproj", "{AA8CBB34-4399-4532-BDF2-F9851C031EFC}"
EndProject
Project("{9A19103F-16F7-4668-BE54-9A1E7A4F7556}") = "Pizzaboxtest", "Pizzabox.test\Pizzaboxtest.csproj", "{B429DA48-1246-4F8A-96F3-F4BFF2B34926}"
EndProject
Project("{9A19103F-16F7-4668-BE54-9A1E7A4F7556}") = "PizzaWebsite", "PizzaWebsite\PizzaWebsite.csproj", "{DDCFF1CB-02F2-4425-9449-A5E2FDD46F40}"
EndProject
Global
	GlobalSection(SolutionConfigurationPlatforms) = preSolution
		Debug|Any CPU = Debug|Any CPU
		Release|Any CPU = Release|Any CPU
	EndGlobalSection
	GlobalSection(ProjectConfigurationPlatforms) = postSolution
		{60D3DD5A-38B9-493D-8005-6B48674A2F23}.Debug|Any CPU.ActiveCfg = Debug|Any CPU
		{60D3DD5A-38B9-493D-8005-6B48674A2F23}.Debug|Any CPU.Build.0 = Debug|Any CPU
		{60D3DD5A-38B9-493D-8005-6B48674A2F23}.Release|Any CPU.ActiveCfg = Release|Any CPU
		{60D3DD5A-38B9-493D-8005-6B48674A2F23}.Release|Any CPU.Build.0 = Release|Any CPU
		{AA8CBB34-4399-4532-BDF2-F9851C031EFC}.Debug|Any CPU.ActiveCfg = Debug|Any CPU
		{AA8CBB34-4399-4532-BDF2-F9851C031EFC}.Debug|Any CPU.Build.0 = Debug|Any CPU
		{AA8CBB34-4399-4532-BDF2-F9851C031EFC}.Release|Any CPU.ActiveCfg = Release|Any CPU
		{AA8CBB34-4399-4532-BDF2-F9851C031EFC}.Release|Any CPU.Build.0 = Release|Any CPU
		{B429DA48-1246-4F8A-96F3-F4BFF2B34926}.Debug|Any CPU.ActiveCfg = Debug|Any CPU
		{B429DA48-1246-4F8A-96F3-F4BFF2B34926}.Debug|Any CPU.Build.0 = Debug|Any CPU
		{B429DA48-1246-4F8A-96F3-F4BFF2B34926}.Release|Any CPU.ActiveCfg = Release|Any CPU
		{B429DA48-1246-4F8A-96F3-F4BFF2B34926}.Release|Any CPU.Build.0 = Release|Any CPU
		{DDCFF1CB-02F2-4425-9449-A5E2FDD46F40}.Debug|Any CPU.ActiveCfg = Debug|Any CPU
		{DDCFF1CB-02F2-4425-9449-A5E2FDD46F40}.Debug|Any CPU.Build.0 = Debug|Any CPU
		{DDCFF1CB-02F2-4425-9449-A5E2FDD46F40}.Release|Any CPU.ActiveCfg = Release|Any CPU
		{DDCFF1CB-02F2-4425-9449-A5E2FDD46F40}.Release|Any CPU.Build.0 = Release|Any CPU
	EndGlobalSection
	GlobalSection(SolutionProperties) = preSolution
		HideSolutionNode = FALSE
	EndGlobalSection
	GlobalSection(ExtensibilityGlobals) = postSolution
		SolutionGuid = {8008CAEF-68B1-492F-9BC2-2AB363FCB7C9}
	EndGlobalSection
EndGlobal
